
Microsoft Visual Studio Solution File, Format Version 12.00
# Visual Studio 15
VisualStudioVersion = 15.0.26430.15
MinimumVisualStudioVersion = 10.0.40219.1
Project("{2150E333-8FDC-42A3-9474-1A3956D46DE8}") = "Examples", "Examples", "{E4C85DC7-AD2F-42E8-B47E-85592D74C671}"
EndProject
Project("{2150E333-8FDC-42A3-9474-1A3956D46DE8}") = "Extensions", "Extensions", "{E602E512-8D48-4E38-BCCC-1E8E421333EB}"
EndProject
Project("{2150E333-8FDC-42A3-9474-1A3956D46DE8}") = "src", "src", "{5DE443D9-D22E-44DC-A4E8-0BCA35E832F1}"
EndProject
Project("{FAE04EC0-301F-11D3-BF4B-00C04F79EFBC}") = "CallingCallback", "Examples\CallingCallback\CallingCallback.csproj", "{231D055E-A58C-44C0-94D6-2B10A3FFF40C}"
EndProject
Project("{FAE04EC0-301F-11D3-BF4B-00C04F79EFBC}") = "Sinch.SendSms.Example", "Examples\Sinch.SendSms.Example\Sinch.SendSms.Example.csproj", "{709C1AC7-8473-4F18-959E-24C6DDBFED3E}"
EndProject
Project("{FAE04EC0-301F-11D3-BF4B-00C04F79EFBC}") = "Sinch.ServerSdk.Callback.WebApi", "Extensions\Sinch.ServerSdk.Callback.WebApi\Sinch.ServerSdk.Callback.WebApi.csproj", "{EA35A9DB-57F4-437C-81AA-E956CD90A652}"
EndProject
Project("{FAE04EC0-301F-11D3-BF4B-00C04F79EFBC}") = "Sinch.ReceiveSms.Example", "Examples\Sinch.ReceiveSms.Example\Sinch.ReceiveSms.Example.csproj", "{C5A6E93B-F987-4297-9317-7C512B1DA358}"
EndProject
Project("{FAE04EC0-301F-11D3-BF4B-00C04F79EFBC}") = "Sinch.Verification.Callback.Example", "Examples\Sinch.Verification.Callback.Example\Sinch.Verification.Callback.Example.csproj", "{6807066D-B36A-4E5E-B4E8-4025E13973C1}"
EndProject
Project("{FAE04EC0-301F-11D3-BF4B-00C04F79EFBC}") = "Sinch.Verification.Example", "Examples\Sinch.Verification.Example\Sinch.Verification.Example.csproj", "{C4222643-5E07-40A7-B9A7-FC166D891215}"
EndProject
Project("{9A19103F-16F7-4668-BE54-9A1E7A4F7556}") = "Sinch.ServerSdk", "src\Sinch.ServerSdk\Sinch.ServerSdk.csproj", "{3D9B976A-E9C2-465A-82E1-7AE5676FD222}"
EndProject
Project("{9A19103F-16F7-4668-BE54-9A1E7A4F7556}") = "Sinch.Callout.Example", "Examples\Sinch.Callout.Example\Sinch.Callout.Example.csproj", "{4BC77DD9-DB13-4501-9291-45D834F5D775}"
EndProject
Global
	GlobalSection(SolutionConfigurationPlatforms) = preSolution
		Debug|Any CPU = Debug|Any CPU
		Release|Any CPU = Release|Any CPU
	EndGlobalSection
	GlobalSection(ProjectConfigurationPlatforms) = postSolution
		{231D055E-A58C-44C0-94D6-2B10A3FFF40C}.Debug|Any CPU.ActiveCfg = Debug|Any CPU
		{231D055E-A58C-44C0-94D6-2B10A3FFF40C}.Debug|Any CPU.Build.0 = Debug|Any CPU
		{231D055E-A58C-44C0-94D6-2B10A3FFF40C}.Release|Any CPU.ActiveCfg = Release|Any CPU
		{231D055E-A58C-44C0-94D6-2B10A3FFF40C}.Release|Any CPU.Build.0 = Release|Any CPU
		{709C1AC7-8473-4F18-959E-24C6DDBFED3E}.Debug|Any CPU.ActiveCfg = Debug|Any CPU
		{709C1AC7-8473-4F18-959E-24C6DDBFED3E}.Debug|Any CPU.Build.0 = Debug|Any CPU
		{709C1AC7-8473-4F18-959E-24C6DDBFED3E}.Release|Any CPU.ActiveCfg = Release|Any CPU
		{709C1AC7-8473-4F18-959E-24C6DDBFED3E}.Release|Any CPU.Build.0 = Release|Any CPU
		{EA35A9DB-57F4-437C-81AA-E956CD90A652}.Debug|Any CPU.ActiveCfg = Debug|Any CPU
		{EA35A9DB-57F4-437C-81AA-E956CD90A652}.Debug|Any CPU.Build.0 = Debug|Any CPU
		{EA35A9DB-57F4-437C-81AA-E956CD90A652}.Release|Any CPU.ActiveCfg = Release|Any CPU
		{EA35A9DB-57F4-437C-81AA-E956CD90A652}.Release|Any CPU.Build.0 = Release|Any CPU
		{C5A6E93B-F987-4297-9317-7C512B1DA358}.Debug|Any CPU.ActiveCfg = Debug|Any CPU
		{C5A6E93B-F987-4297-9317-7C512B1DA358}.Debug|Any CPU.Build.0 = Debug|Any CPU
		{C5A6E93B-F987-4297-9317-7C512B1DA358}.Release|Any CPU.ActiveCfg = Release|Any CPU
		{C5A6E93B-F987-4297-9317-7C512B1DA358}.Release|Any CPU.Build.0 = Release|Any CPU
		{6807066D-B36A-4E5E-B4E8-4025E13973C1}.Debug|Any CPU.ActiveCfg = Debug|Any CPU
		{6807066D-B36A-4E5E-B4E8-4025E13973C1}.Debug|Any CPU.Build.0 = Debug|Any CPU
		{6807066D-B36A-4E5E-B4E8-4025E13973C1}.Release|Any CPU.ActiveCfg = Release|Any CPU
		{6807066D-B36A-4E5E-B4E8-4025E13973C1}.Release|Any CPU.Build.0 = Release|Any CPU
		{C4222643-5E07-40A7-B9A7-FC166D891215}.Debug|Any CPU.ActiveCfg = Debug|Any CPU
		{C4222643-5E07-40A7-B9A7-FC166D891215}.Debug|Any CPU.Build.0 = Debug|Any CPU
		{C4222643-5E07-40A7-B9A7-FC166D891215}.Release|Any CPU.ActiveCfg = Release|Any CPU
		{C4222643-5E07-40A7-B9A7-FC166D891215}.Release|Any CPU.Build.0 = Release|Any CPU
		{3D9B976A-E9C2-465A-82E1-7AE5676FD222}.Debug|Any CPU.ActiveCfg = Debug|Any CPU
		{3D9B976A-E9C2-465A-82E1-7AE5676FD222}.Debug|Any CPU.Build.0 = Debug|Any CPU
		{3D9B976A-E9C2-465A-82E1-7AE5676FD222}.Release|Any CPU.ActiveCfg = Release|Any CPU
		{3D9B976A-E9C2-465A-82E1-7AE5676FD222}.Release|Any CPU.Build.0 = Release|Any CPU
		{4BC77DD9-DB13-4501-9291-45D834F5D775}.Debug|Any CPU.ActiveCfg = Debug|Any CPU
		{4BC77DD9-DB13-4501-9291-45D834F5D775}.Debug|Any CPU.Build.0 = Debug|Any CPU
		{4BC77DD9-DB13-4501-9291-45D834F5D775}.Release|Any CPU.ActiveCfg = Release|Any CPU
		{4BC77DD9-DB13-4501-9291-45D834F5D775}.Release|Any CPU.Build.0 = Release|Any CPU
	EndGlobalSection
	GlobalSection(SolutionProperties) = preSolution
		HideSolutionNode = FALSE
	EndGlobalSection
	GlobalSection(NestedProjects) = preSolution
		{231D055E-A58C-44C0-94D6-2B10A3FFF40C} = {E4C85DC7-AD2F-42E8-B47E-85592D74C671}
		{709C1AC7-8473-4F18-959E-24C6DDBFED3E} = {E4C85DC7-AD2F-42E8-B47E-85592D74C671}
		{EA35A9DB-57F4-437C-81AA-E956CD90A652} = {E602E512-8D48-4E38-BCCC-1E8E421333EB}
		{C5A6E93B-F987-4297-9317-7C512B1DA358} = {E4C85DC7-AD2F-42E8-B47E-85592D74C671}
		{6807066D-B36A-4E5E-B4E8-4025E13973C1} = {E4C85DC7-AD2F-42E8-B47E-85592D74C671}
		{C4222643-5E07-40A7-B9A7-FC166D891215} = {E4C85DC7-AD2F-42E8-B47E-85592D74C671}
		{3D9B976A-E9C2-465A-82E1-7AE5676FD222} = {5DE443D9-D22E-44DC-A4E8-0BCA35E832F1}
		{4BC77DD9-DB13-4501-9291-45D834F5D775} = {E4C85DC7-AD2F-42E8-B47E-85592D74C671}
	EndGlobalSection
EndGlobal
